<?xml version="1.0" encoding="utf-8"?>
<Project ToolsVersion="4.0" xmlns="http://schemas.microsoft.com/developer/msbuild/2003">
  <ItemGroup>
    <Filter Include="Fichiers sources">
      <UniqueIdentifier>{4FC737F1-C7A5-4376-A066-2A32D752A2FF}</UniqueIdentifier>
      <Extensions>cpp;c;cc;cxx;def;odl;idl;hpj;bat;asm;asmx</Extensions>
    </Filter>
    <Filter Include="Fichiers d%27en-tête">
      <UniqueIdentifier>{93995380-89BD-4b04-88EB-625FBE52EBFB}</UniqueIdentifier>
      <Extensions>h;hpp;hxx;hm;inl;inc;xsd</Extensions>
    </Filter>
    <Filter Include="Fichiers de ressources">
      <UniqueIdentifier>{67DA6AB6-F800-4c08-8B7A-83BB121AAD01}</UniqueIdentifier>
      <Extensions>rc;ico;cur;bmp;dlg;rc2;rct;bin;rgs;gif;jpg;jpeg;jpe;resx;tiff;tif;png;wav;mfcribbon-ms</Extensions>
    </Filter>
    <Filter Include="Fichiers d%27en-tête\Engine">
      <UniqueIdentifier>{b55f6df8-f078-463b-954a-311506990cf0}</UniqueIdentifier>
    </Filter>
    <Filter Include="Fichiers d%27en-tête\GameLogic">
      <UniqueIdentifier>{4c2ca5b5-555e-45e9-be03-a084ab18a04a}</UniqueIdentifier>
    </Filter>
    <Filter Include="Fichiers sources\Engine">
      <UniqueIdentifier>{e60e754c-e2a4-4aa4-a050-3ca4a8bc4f31}</UniqueIdentifier>
    </Filter>
    <Filter Include="Fichiers sources\GameLogic">
      <UniqueIdentifier>{9039752b-9c97-4d1e-8a66-4b2914383672}</UniqueIdentifier>
    </Filter>
    <Filter Include="Fichiers sources\GameLogic\DevScenario">
      <UniqueIdentifier>{a9be8566-02af-4b2c-b8eb-27b04baecec9}</UniqueIdentifier>
    </Filter>
    <Filter Include="Fichiers d%27en-tête\GameLogic\DevScenario">
      <UniqueIdentifier>{472ca301-2504-4f4a-93b1-1c6211f1de65}</UniqueIdentifier>
    </Filter>
  </ItemGroup>
  <ItemGroup>
    <ClCompile Include="main.cpp">
      <Filter>Fichiers sources</Filter>
    </ClCompile>
    <ClCompile Include="Renderer.h">
      <Filter>Fichiers d%27en-tête\Engine</Filter>
    </ClCompile>
    <ClCompile Include="GameWindow.h">
      <Filter>Fichiers d%27en-tête\Engine</Filter>
    </ClCompile>
    <ClCompile Include="Rope.cpp">
      <Filter>Fichiers sources\GameLogic</Filter>
    </ClCompile>
    <ClCompile Include="Window.cpp">
      <Filter>Fichiers sources\Engine</Filter>
    </ClCompile>
    <ClCompile Include="MenuWindow.cpp">
      <Filter>Fichiers sources\Engine</Filter>
    </ClCompile>
    <ClCompile Include="Hero.cpp">
      <Filter>Fichiers sources\GameLogic</Filter>
    </ClCompile>
    <ClCompile Include="BackgroundElement.cpp">
      <Filter>Fichiers sources\Engine</Filter>
    </ClCompile>
    <ClCompile Include="Map.cpp">
      <Filter>Fichiers sources\GameLogic</Filter>
    </ClCompile>
    <ClCompile Include="MapLoader.cpp">
      <Filter>Fichiers sources\GameLogic</Filter>
    </ClCompile>
    <ClCompile Include="DrawTestMap.cpp">
      <Filter>Fichiers sources\GameLogic\DevScenario</Filter>
    </ClCompile>
  </ItemGroup>
  <ItemGroup>
    <ClInclude Include="GraphicalElement.h">
      <Filter>Fichiers d%27en-tête\Engine</Filter>
    </ClInclude>
    <ClInclude Include="Window.h">
      <Filter>Fichiers d%27en-tête\Engine</Filter>
    </ClInclude>
    <ClInclude Include="Character.h">
      <Filter>Fichiers d%27en-tête\GameLogic</Filter>
    </ClInclude>
    <ClInclude Include="Level.h">
      <Filter>Fichiers d%27en-tête\GameLogic</Filter>
    </ClInclude>
    <ClInclude Include="LevelManger.h">
      <Filter>Fichiers d%27en-tête\GameLogic</Filter>
    </ClInclude>
    <ClInclude Include="Rope.h">
      <Filter>Fichiers d%27en-tête\GameLogic</Filter>
    </ClInclude>
    <ClInclude Include="BackgroundElement.h">
      <Filter>Fichiers d%27en-tête\GameLogic</Filter>
    </ClInclude>
    <ClInclude Include="ScenarioWindow.h">
      <Filter>Fichiers d%27en-tête\Engine</Filter>
    </ClInclude>
    <ClInclude Include="MenuWindow.h">
      <Filter>Fichiers d%27en-tête\Engine</Filter>
    </ClInclude>
    <ClInclude Include="Hero.h">
      <Filter>Fichiers d%27en-tête\GameLogic</Filter>
    </ClInclude>
    <ClInclude Include="MapLoader.h">
      <Filter>Fichiers d%27en-tête\GameLogic</Filter>
    </ClInclude>
    <ClInclude Include="Map.h">
      <Filter>Fichiers d%27en-tête\GameLogic</Filter>
    </ClInclude>
    <ClInclude Include="DrawTestMap.h">
      <Filter>Fichiers d%27en-tête\GameLogic\DevScenario</Filter>
    </ClInclude>
    <ClInclude Include="Drawable.h">
      <Filter>Fichiers d%27en-tête\Engine</Filter>
    </ClInclude>
  </ItemGroup>
</Project>